{
  "lockfileVersion": 1,
  "dependencies": {
    "datatables": {
      "version": "1.10.13",
      "resolved": "http://registry.npm.taobao.org/datatables/download/datatables-1.10.13.tgz",
      "integrity": "sha1-m7Lexvfc8CBJoA5PDn0/4AnDk0Y=",
      "dev": true
    },
    "fontawesome": {
      "version": "4.7.2",
      "resolved": "http://registry.npm.taobao.org/fontawesome/download/fontawesome-4.7.2.tgz",
      "integrity": "sha1-fwxyrHprAp0zdbrLI1Itms/FClI=",
      "dev": true
    },
    "jquery": {
      "version": "3.2.1",
      "resolved": "http://registry.npm.taobao.org/jquery/download/jquery-3.2.1.tgz",
      "integrity": "sha1-XE2d5lKvbNCncBVKYxu6ErAVx4c=",
      "dev": true
    }
  }
}
